
Microsoft Visual Studio Solution File, Format Version 12.00
# Visual Studio 2012
Project("{FAE04EC0-301F-11D3-BF4B-00C04F79EFBC}") = "AirlineReservation", "AirlineReservation\AirlineReservation.csproj", "{5DF273C4-BD4A-4149-ACBF-77EDB3755050}"
EndProject
Global
	GlobalSection(SolutionConfigurationPlatforms) = preSolution
		Debug|Any CPU = Debug|Any CPU
		Release|Any CPU = Release|Any CPU
	EndGlobalSection
	GlobalSection(ProjectConfigurationPlatforms) = postSolution
		{5DF273C4-BD4A-4149-ACBF-77EDB3755050}.Debug|Any CPU.ActiveCfg = Debug|Any CPU
		{5DF273C4-BD4A-4149-ACBF-77EDB3755050}.Debug|Any CPU.Build.0 = Debug|Any CPU
		{5DF273C4-BD4A-4149-ACBF-77EDB3755050}.Release|Any CPU.ActiveCfg = Release|Any CPU
		{5DF273C4-BD4A-4149-ACBF-77EDB3755050}.Release|Any CPU.Build.0 = Release|Any CPU
	EndGlobalSection
	GlobalSection(SolutionProperties) = preSolution
		HideSolutionNode = FALSE
	EndGlobalSection
EndGlobal
